{
  "nodes": {
    "nixpkgs": {
      "locked": {
        "lastModified": 1708276637,
        "narHash": "sha256-+gICdImzDvxULC/+iqsmLsvwEv5LQuFglxn2fk/VyQM=",
        "owner": "nixos",
        "repo": "nixpkgs",
        "rev": "ec841889d30aabad381acfa9529fe6045268bdbd",
        "type": "github"
      },
      "original": {
        "owner": "nixos",
        "repo": "nixpkgs",
        "type": "github"
      }
    },
    "root": {
      "inputs": {
        "nixpkgs": "nixpkgs"
      }
    }
  },
  "root": "root",
  "version": 7
}
