{
  "nodes": {
    "nixpkgs": {
      "locked": {
        "lastModified": 1754417079,
        "narHash": "sha256-0tsMjE+EvglzeGNEOb8mOUogr/5IcPBoBRWBa6Vl+O0=",
        "owner": "nixos",
        "repo": "nixpkgs",
        "rev": "be57485ffffe9398e2e58ae3f4d7608f55a8796d",
        "type": "github"
      },
      "original": {
        "owner": "nixos",
        "repo": "nixpkgs",
        "type": "github"
      }
    },
    "root": {
      "inputs": {
        "nixpkgs": "nixpkgs"
      }
    }
  },
  "root": "root",
  "version": 7
}
