{
  "nodes": {
    "nixpkgs": {
      "locked": {
        "lastModified": 1712335828,
        "narHash": "sha256-x+Bffx+pdMM2cqjEyPwxDp2yjJ4n5w9ZXA9V8ZeE9zE=",
        "owner": "nixos",
        "repo": "nixpkgs",
        "rev": "3062a27318841ac9554ebbd45b42e7d363ea984a",
        "type": "github"
      },
      "original": {
        "owner": "nixos",
        "repo": "nixpkgs",
        "type": "github"
      }
    },
    "root": {
      "inputs": {
        "nixpkgs": "nixpkgs"
      }
    }
  },
  "root": "root",
  "version": 7
}
